# This file is automatically @generated by Cargo.
# It is not intended for manual editing.
version = 3

[[package]]
name = "decode-tlv"
version = "0.1.0"
dependencies = [
 "hex",
 "tlv_parser",
]

[[package]]
name = "hex"
version = "0.3.1"
source = "registry+https://github.com/rust-lang/crates.io-index"
checksum = "459d3cf58137bb02ad4adeef5036377ff59f066dbb82517b7192e3a5462a2abc"

[[package]]
name = "tlv_parser"
version = "0.10.0"
